// !$*UTF8*$!
{
	archiveVersion = 1;
	classes = {
	};
	objectVersion = 55;
	objects = {

/* Begin PBXBuildFile section */
		2181D44D28EA38FF00E72DA7 /* AppDelegate.swift in Sources */ = {isa = PBXBuildFile; fileRef = 2181D44C28EA38FF00E72DA7 /* AppDelegate.swift */; };
		2181D44F28EA38FF00E72DA7 /* SceneDelegate.swift in Sources */ = {isa = PBXBuildFile; fileRef = 2181D44E28EA38FF00E72DA7 /* SceneDelegate.swift */; };
		2181D45128EA38FF00E72DA7 /* ViewController.swift in Sources */ = {isa = PBXBuildFile; fileRef = 2181D45028EA38FF00E72DA7 /* ViewController.swift */; };
		2181D45428EA38FF00E72DA7 /* Main.storyboard in Resources */ = {isa = PBXBuildFile; fileRef = 2181D45228EA38FF00E72DA7 /* Main.storyboard */; };
		2181D45628EA390000E72DA7 /* Assets.xcassets in Resources */ = {isa = PBXBuildFile; fileRef = 2181D45528EA390000E72DA7 /* Assets.xcassets */; };
		2181D45928EA390000E72DA7 /* LaunchScreen.storyboard in Resources */ = {isa = PBXBuildFile; fileRef = 2181D45728EA390000E72DA7 /* LaunchScreen.storyboard */; };
		2181D46428EA390000E72DA7 /* HackwichFourTests.swift in Sources */ = {isa = PBXBuildFile; fileRef = 2181D46328EA390000E72DA7 /* HackwichFourTests.swift */; };
		2181D46E28EA390000E72DA7 /* HackwichFourUITests.swift in Sources */ = {isa = PBXBuildFile; fileRef = 2181D46D28EA390000E72DA7 /* HackwichFourUITests.swift */; };
		2181D47028EA390000E72DA7 /* HackwichFourUITestsLaunchTests.swift in Sources */ = {isa = PBXBuildFile; fileRef = 2181D46F28EA390000E72DA7 /* HackwichFourUITestsLaunchTests.swift */; };
/* End PBXBuildFile section */

/* Begin PBXContainerItemProxy section */
		2181D46028EA390000E72DA7 /* PBXContainerItemProxy */ = {
			isa = PBXContainerItemProxy;
			containerPortal = 2181D44128EA38FF00E72DA7 /* Project object */;
			proxyType = 1;
			remoteGlobalIDString = 2181D44828EA38FF00E72DA7;
			remoteInfo = HackwichFour;
		};
		2181D46A28EA390000E72DA7 /* PBXContainerItemProxy */ = {
			isa = PBXContainerItemProxy;
			containerPortal = 2181D44128EA38FF00E72DA7 /* Project object */;
			proxyType = 1;
			remoteGlobalIDString = 2181D44828EA38FF00E72DA7;
			remoteInfo = HackwichFour;
		};
/* End PBXContainerItemProxy section */

/* Begin PBXFileReference section */
		2181D44928EA38FF00E72DA7 /* HackwichFour.app */ = {isa = PBXFileReference; explicitFileType = wrapper.application; includeInIndex = 0; path = HackwichFour.app; sourceTree = BUILT_PRODUCTS_DIR; };
		2181D44C28EA38FF00E72DA7 /* AppDelegate.swift */ = {isa = PBXFileReference; lastKnownFileType = sourcecode.swift; path = AppDelegate.swift; sourceTree = "<group>"; };
		2181D44E28EA38FF00E72DA7 /* SceneDelegate.swift */ = {isa = PBXFileReference; lastKnownFileType = sourcecode.swift; path = SceneDelegate.swift; sourceTree = "<group>"; };
		2181D45028EA38FF00E72DA7 /* ViewController.swift */ = {isa = PBXFileReference; lastKnownFileType = sourcecode.swift; path = ViewController.swift; sourceTree = "<group>"; };
		2181D45328EA38FF00E72DA7 /* Base */ = {isa = PBXFileReference; lastKnownFileType = file.storyboard; name = Base; path = Base.lproj/Main.storyboard; sourceTree = "<group>"; };
		2181D45528EA390000E72DA7 /* Assets.xcassets */ = {isa = PBXFileReference; lastKnownFileType = folder.assetcatalog; path = Assets.xcassets; sourceTree = "<group>"; };
		2181D45828EA390000E72DA7 /* Base */ = {isa = PBXFileReference; lastKnownFileType = file.storyboard; name = Base; path = Base.lproj/LaunchScreen.storyboard; sourceTree = "<group>"; };
		2181D45A28EA390000E72DA7 /* Info.plist */ = {isa = PBXFileReference; lastKnownFileType = text.plist.xml; path = Info.plist; sourceTree = "<group>"; };
		2181D45F28EA390000E72DA7 /* HackwichFourTests.xctest */ = {isa = PBXFileReference; explicitFileType = wrapper.cfbundle; includeInIndex = 0; path = HackwichFourTests.xctest; sourceTree = BUILT_PRODUCTS_DIR; };
		2181D46328EA390000E72DA7 /* HackwichFourTests.swift */ = {isa = PBXFileReference; lastKnownFileType = sourcecode.swift; path = HackwichFourTests.swift; sourceTree = "<group>"; };
		2181D46928EA390000E72DA7 /* HackwichFourUITests.xctest */ = {isa = PBXFileReference; explicitFileType = wrapper.cfbundle; includeInIndex = 0; path = HackwichFourUITests.xctest; sourceTree = BUILT_PRODUCTS_DIR; };
		2181D46D28EA390000E72DA7 /* HackwichFourUITests.swift */ = {isa = PBXFileReference; lastKnownFileType = sourcecode.swift; path = HackwichFourUITests.swift; sourceTree = "<group>"; };
		2181D46F28EA390000E72DA7 /* HackwichFourUITestsLaunchTests.swift */ = {isa = PBXFileReference; lastKnownFileType = sourcecode.swift; path = HackwichFourUITestsLaunchTests.swift; sourceTree = "<group>"; };
/* End PBXFileReference section */

/* Begin PBXFrameworksBuildPhase section */
		2181D44628EA38FF00E72DA7 /* Frameworks */ = {
			isa = PBXFrameworksBuildPhase;
			buildActionMask = 2147483647;
			files = (
			);
			runOnlyForDeploymentPostprocessing = 0;
		};
		2181D45C28EA390000E72DA7 /* Frameworks */ = {
			isa = PBXFrameworksBuildPhase;
			buildActionMask = 2147483647;
			files = (
			);
			runOnlyForDeploymentPostprocessing = 0;
		};
		2181D46628EA390000E72DA7 /* Frameworks */ = {
			isa = PBXFrameworksBuildPhase;
			buildActionMask = 2147483647;
			files = (
			);
			runOnlyForDeploymentPostprocessing = 0;
		};
/* End PBXFrameworksBuildPhase section */

/* Begin PBXGroup section */
		2181D44028EA38FF00E72DA7 = {
			isa = PBXGroup;
			children = (
				2181D44B28EA38FF00E72DA7 /* HackwichFour */,
				2181D46228EA390000E72DA7 /* HackwichFourTests */,
				2181D46C28EA390000E72DA7 /* HackwichFourUITests */,
				2181D44A28EA38FF00E72DA7 /* Products */,
			);
			sourceTree = "<group>";
		};
		2181D44A28EA38FF00E72DA7 /* Products */ = {
			isa = PBXGroup;
			children = (
				2181D44928EA38FF00E72DA7 /* HackwichFour.app */,
				2181D45F28EA390000E72DA7 /* HackwichFourTests.xctest */,
				2181D46928EA390000E72DA7 /* HackwichFourUITests.xctest */,
			);
			name = Products;
			sourceTree = "<group>";
		};
		2181D44B28EA38FF00E72DA7 /* HackwichFour */ = {
			isa = PBXGroup;
			children = (
				2181D44C28EA38FF00E72DA7 /* AppDelegate.swift */,
				2181D44E28EA38FF00E72DA7 /* SceneDelegate.swift */,
				2181D45028EA38FF00E72DA7 /* ViewController.swift */,
				2181D45228EA38FF00E72DA7 /* Main.storyboard */,
				2181D45528EA390000E72DA7 /* Assets.xcassets */,
				2181D45728EA390000E72DA7 /* LaunchScreen.storyboard */,
				2181D45A28EA390000E72DA7 /* Info.plist */,
			);
			path = HackwichFour;
			sourceTree = "<group>";
		};
		2181D46228EA390000E72DA7 /* HackwichFourTests */ = {
			isa = PBXGroup;
			children = (
				2181D46328EA390000E72DA7 /* HackwichFourTests.swift */,
			);
			path = HackwichFourTests;
			sourceTree = "<group>";
		};
		2181D46C28EA390000E72DA7 /* HackwichFourUITests */ = {
			isa = PBXGroup;
			children = (
				2181D46D28EA390000E72DA7 /* HackwichFourUITests.swift */,
				2181D46F28EA390000E72DA7 /* HackwichFourUITestsLaunchTests.swift */,
			);
			path = HackwichFourUITests;
			sourceTree = "<group>";
		};
/* End PBXGroup section */

/* Begin PBXNativeTarget section */
		2181D44828EA38FF00E72DA7 /* HackwichFour */ = {
			isa = PBXNativeTarget;
			buildConfigurationList = 2181D47328EA390000E72DA7 /* Build configuration list for PBXNativeTarget "HackwichFour" */;
			buildPhases = (
				2181D44528EA38FF00E72DA7 /* Sources */,
				2181D44628EA38FF00E72DA7 /* Frameworks */,
				2181D44728EA38FF00E72DA7 /* Resources */,
			);
			buildRules = (
			);
			dependencies = (
			);
			name = HackwichFour;
			productName = HackwichFour;
			productReference = 2181D44928EA38FF00E72DA7 /* HackwichFour.app */;
			productType = "com.apple.product-type.application";
		};
		2181D45E28EA390000E72DA7 /* HackwichFourTests */ = {
			isa = PBXNativeTarget;
			buildConfigurationList = 2181D47628EA390000E72DA7 /* Build configuration list for PBXNativeTarget "HackwichFourTests" */;
			buildPhases = (
				2181D45B28EA390000E72DA7 /* Sources */,
				2181D45C28EA390000E72DA7 /* Frameworks */,
				2181D45D28EA390000E72DA7 /* Resources */,
			);
			buildRules = (
			);
			dependencies = (
				2181D46128EA390000E72DA7 /* PBXTargetDependency */,
			);
			name = HackwichFourTests;
			productName = HackwichFourTests;
			productReference = 2181D45F28EA390000E72DA7 /* HackwichFourTests.xctest */;
			productType = "com.apple.product-type.bundle.unit-test";
		};
		2181D46828EA390000E72DA7 /* HackwichFourUITests */ = {
			isa = PBXNativeTarget;
			buildConfigurationList = 2181D47928EA390000E72DA7 /* Build configuration list for PBXNativeTarget "HackwichFourUITests" */;
			buildPhases = (
				2181D46528EA390000E72DA7 /* Sources */,
				2181D46628EA390000E72DA7 /* Frameworks */,
				2181D46728EA390000E72DA7 /* Resources */,
			);
			buildRules = (
			);
			dependencies = (
				2181D46B28EA390000E72DA7 /* PBXTargetDependency */,
			);
			name = HackwichFourUITests;
			productName = HackwichFourUITests;
			productReference = 2181D46928EA390000E72DA7 /* HackwichFourUITests.xctest */;
			productType = "com.apple.product-type.bundle.ui-testing";
		};
/* End PBXNativeTarget section */

/* Begin PBXProject section */
		2181D44128EA38FF00E72DA7 /* Project object */ = {
			isa = PBXProject;
			attributes = {
				BuildIndependentTargetsInParallel = 1;
				LastSwiftUpdateCheck = 1340;
				LastUpgradeCheck = 1340;
				TargetAttributes = {
					2181D44828EA38FF00E72DA7 = {
						CreatedOnToolsVersion = 13.4.1;
					};
					2181D45E28EA390000E72DA7 = {
						CreatedOnToolsVersion = 13.4.1;
						TestTargetID = 2181D44828EA38FF00E72DA7;
					};
					2181D46828EA390000E72DA7 = {
						CreatedOnToolsVersion = 13.4.1;
						TestTargetID = 2181D44828EA38FF00E72DA7;
					};
				};
			};
			buildConfigurationList = 2181D44428EA38FF00E72DA7 /* Build configuration list for PBXProject "HackwichFour" */;
			compatibilityVersion = "Xcode 13.0";
			developmentRegion = en;
			hasScannedForEncodings = 0;
			knownRegions = (
				en,
				Base,
			);
			mainGroup = 2181D44028EA38FF00E72DA7;
			productRefGroup = 2181D44A28EA38FF00E72DA7 /* Products */;
			projectDirPath = "";
			projectRoot = "";
			targets = (
				2181D44828EA38FF00E72DA7 /* HackwichFour */,
				2181D45E28EA390000E72DA7 /* HackwichFourTests */,
				2181D46828EA390000E72DA7 /* HackwichFourUITests */,
			);
		};
/* End PBXProject section */

/* Begin PBXResourcesBuildPhase section */
		2181D44728EA38FF00E72DA7 /* Resources */ = {
			isa = PBXResourcesBuildPhase;
			buildActionMask = 2147483647;
			files = (
				2181D45928EA390000E72DA7 /* LaunchScreen.storyboard in Resources */,
				2181D45628EA390000E72DA7 /* Assets.xcassets in Resources */,
				2181D45428EA38FF00E72DA7 /* Main.storyboard in Resources */,
			);
			runOnlyForDeploymentPostprocessing = 0;
		};
		2181D45D28EA390000E72DA7 /* Resources */ = {
			isa = PBXResourcesBuildPhase;
			buildActionMask = 2147483647;
			files = (
			);
			runOnlyForDeploymentPostprocessing = 0;
		};
		2181D46728EA390000E72DA7 /* Resources */ = {
			isa = PBXResourcesBuildPhase;
			buildActionMask = 2147483647;
			files = (
			);
			runOnlyForDeploymentPostprocessing = 0;
		};
/* End PBXResourcesBuildPhase section */

/* Begin PBXSourcesBuildPhase section */
		2181D44528EA38FF00E72DA7 /* Sources */ = {
			isa = PBXSourcesBuildPhase;
			buildActionMask = 2147483647;
			files = (
				2181D45128EA38FF00E72DA7 /* ViewController.swift in Sources */,
				2181D44D28EA38FF00E72DA7 /* AppDelegate.swift in Sources */,
				2181D44F28EA38FF00E72DA7 /* SceneDelegate.swift in Sources */,
			);
			runOnlyForDeploymentPostprocessing = 0;
		};
		2181D45B28EA390000E72DA7 /* Sources */ = {
			isa = PBXSourcesBuildPhase;
			buildActionMask = 2147483647;
			files = (
				2181D46428EA390000E72DA7 /* HackwichFourTests.swift in Sources */,
			);
			runOnlyForDeploymentPostprocessing = 0;
		};
		2181D46528EA390000E72DA7 /* Sources */ = {
			isa = PBXSourcesBuildPhase;
			buildActionMask = 2147483647;
			files = (
				2181D47028EA390000E72DA7 /* HackwichFourUITestsLaunchTests.swift in Sources */,
				2181D46E28EA390000E72DA7 /* HackwichFourUITests.swift in Sources */,
			);
			runOnlyForDeploymentPostprocessing = 0;
		};
/* End PBXSourcesBuildPhase section */

/* Begin PBXTargetDependency section */
		2181D46128EA390000E72DA7 /* PBXTargetDependency */ = {
			isa = PBXTargetDependency;
			target = 2181D44828EA38FF00E72DA7 /* HackwichFour */;
			targetProxy = 2181D46028EA390000E72DA7 /* PBXContainerItemProxy */;
		};
		2181D46B28EA390000E72DA7 /* PBXTargetDependency */ = {
			isa = PBXTargetDependency;
			target = 2181D44828EA38FF00E72DA7 /* HackwichFour */;
			targetProxy = 2181D46A28EA390000E72DA7 /* PBXContainerItemProxy */;
		};
/* End PBXTargetDependency section */

/* Begin PBXVariantGroup section */
		2181D45228EA38FF00E72DA7 /* Main.storyboard */ = {
			isa = PBXVariantGroup;
			children = (
				2181D45328EA38FF00E72DA7 /* Base */,
			);
			name = Main.storyboard;
			sourceTree = "<group>";
		};
		2181D45728EA390000E72DA7 /* LaunchScreen.storyboard */ = {
			isa = PBXVariantGroup;
			children = (
				2181D45828EA390000E72DA7 /* Base */,
			);
			name = LaunchScreen.storyboard;
			sourceTree = "<group>";
		};
/* End PBXVariantGroup section */

/* Begin XCBuildConfiguration section */
		2181D47128EA390000E72DA7 /* Debug */ = {
			isa = XCBuildConfiguration;
			buildSettings = {
				ALWAYS_SEARCH_USER_PATHS = NO;
				CLANG_ANALYZER_NONNULL = YES;
				CLANG_ANALYZER_NUMBER_OBJECT_CONVERSION = YES_AGGRESSIVE;
				CLANG_CXX_LANGUAGE_STANDARD = "gnu++17";
				CLANG_ENABLE_MODULES = YES;
				CLANG_ENABLE_OBJC_ARC = YES;
				CLANG_ENABLE_OBJC_WEAK = YES;
				CLANG_WARN_BLOCK_CAPTURE_AUTORELEASING = YES;
				CLANG_WARN_BOOL_CONVERSION = YES;
				CLANG_WARN_COMMA = YES;
				CLANG_WARN_CONSTANT_CONVERSION = YES;
				CLANG_WARN_DEPRECATED_OBJC_IMPLEMENTATIONS = YES;
				CLANG_WARN_DIRECT_OBJC_ISA_USAGE = YES_ERROR;
				CLANG_WARN_DOCUMENTATION_COMMENTS = YES;
				CLANG_WARN_EMPTY_BODY = YES;
				CLANG_WARN_ENUM_CONVERSION = YES;
				CLANG_WARN_INFINITE_RECURSION = YES;
				CLANG_WARN_INT_CONVERSION = YES;
				CLANG_WARN_NON_LITERAL_NULL_CONVERSION = YES;
				CLANG_WARN_OBJC_IMPLICIT_RETAIN_SELF = YES;
				CLANG_WARN_OBJC_LITERAL_CONVERSION = YES;
				CLANG_WARN_OBJC_ROOT_CLASS = YES_ERROR;
				CLANG_WARN_QUOTED_INCLUDE_IN_FRAMEWORK_HEADER = YES;
				CLANG_WARN_RANGE_LOOP_ANALYSIS = YES;
				CLANG_WARN_STRICT_PROTOTYPES = YES;
				CLANG_WARN_SUSPICIOUS_MOVE = YES;
				CLANG_WARN_UNGUARDED_AVAILABILITY = YES_AGGRESSIVE;
				CLANG_WARN_UNREACHABLE_CODE = YES;
				CLANG_WARN__DUPLICATE_METHOD_MATCH = YES;
				COPY_PHASE_STRIP = NO;
				DEBUG_INFORMATION_FORMAT = dwarf;
				ENABLE_STRICT_OBJC_MSGSEND = YES;
				ENABLE_TESTABILITY = YES;
				GCC_C_LANGUAGE_STANDARD = gnu11;
				GCC_DYNAMIC_NO_PIC = NO;
				GCC_NO_COMMON_BLOCKS = YES;
				GCC_OPTIMIZATION_LEVEL = 0;
				GCC_PREPROCESSOR_DEFINITIONS = (
					"DEBUG=1",
					"$(inherited)",
				);
				GCC_WARN_64_TO_32_BIT_CONVERSION = YES;
				GCC_WARN_ABOUT_RETURN_TYPE = YES_ERROR;
				GCC_WARN_UNDECLARED_SELECTOR = YES;
				GCC_WARN_UNINITIALIZED_AUTOS = YES_AGGRESSIVE;
				GCC_WARN_UNUSED_FUNCTION = YES;
				GCC_WARN_UNUSED_VARIABLE = YES;
				IPHONEOS_DEPLOYMENT_TARGET = 15.5;
				MTL_ENABLE_DEBUG_INFO = INCLUDE_SOURCE;
				MTL_FAST_MATH = YES;
				ONLY_ACTIVE_ARCH = YES;
				SDKROOT = iphoneos;
				SWIFT_ACTIVE_COMPILATION_CONDITIONS = DEBUG;
				SWIFT_OPTIMIZATION_LEVEL = "-Onone";
			};
			name = Debug;
		};
		2181D47228EA390000E72DA7 /* Release */ = {
			isa = XCBuildConfiguration;
			buildSettings = {
				ALWAYS_SEARCH_USER_PATHS = NO;
				CLANG_ANALYZER_NONNULL = YES;
				CLANG_ANALYZER_NUMBER_OBJECT_CONVERSION = YES_AGGRESSIVE;
				CLANG_CXX_LANGUAGE_STANDARD = "gnu++17";
				CLANG_ENABLE_MODULES = YES;
				CLANG_ENABLE_OBJC_ARC = YES;
				CLANG_ENABLE_OBJC_WEAK = YES;
				CLANG_WARN_BLOCK_CAPTURE_AUTORELEASING = YES;
				CLANG_WARN_BOOL_CONVERSION = YES;
				CLANG_WARN_COMMA = YES;
				CLANG_WARN_CONSTANT_CONVERSION = YES;
				CLANG_WARN_DEPRECATED_OBJC_IMPLEMENTATIONS = YES;
				CLANG_WARN_DIRECT_OBJC_ISA_USAGE = YES_ERROR;
				CLANG_WARN_DOCUMENTATION_COMMENTS = YES;
				CLANG_WARN_EMPTY_BODY = YES;
				CLANG_WARN_ENUM_CONVERSION = YES;
				CLANG_WARN_INFINITE_RECURSION = YES;
				CLANG_WARN_INT_CONVERSION = YES;
				CLANG_WARN_NON_LITERAL_NULL_CONVERSION = YES;
				CLANG_WARN_OBJC_IMPLICIT_RETAIN_SELF = YES;
				CLANG_WARN_OBJC_LITERAL_CONVERSION = YES;
				CLANG_WARN_OBJC_ROOT_CLASS = YES_ERROR;
				CLANG_WARN_QUOTED_INCLUDE_IN_FRAMEWORK_HEADER = YES;
				CLANG_WARN_RANGE_LOOP_ANALYSIS = YES;
				CLANG_WARN_STRICT_PROTOTYPES = YES;
				CLANG_WARN_SUSPICIOUS_MOVE = YES;
				CLANG_WARN_UNGUARDED_AVAILABILITY = YES_AGGRESSIVE;
				CLANG_WARN_UNREACHABLE_CODE = YES;
				CLANG_WARN__DUPLICATE_METHOD_MATCH = YES;
				COPY_PHASE_STRIP = NO;
				DEBUG_INFORMATION_FORMAT = "dwarf-with-dsym";
				ENABLE_NS_ASSERTIONS = NO;
				ENABLE_STRICT_OBJC_MSGSEND = YES;
				GCC_C_LANGUAGE_STANDARD = gnu11;
				GCC_NO_COMMON_BLOCKS = YES;
				GCC_WARN_64_TO_32_BIT_CONVERSION = YES;
				GCC_WARN_ABOUT_RETURN_TYPE = YES_ERROR;
				GCC_WARN_UNDECLARED_SELECTOR = YES;
				GCC_WARN_UNINITIALIZED_AUTOS = YES_AGGRESSIVE;
				GCC_WARN_UNUSED_FUNCTION = YES;
				GCC_WARN_UNUSED_VARIABLE = YES;
				IPHONEOS_DEPLOYMENT_TARGET = 15.5;
				MTL_ENABLE_DEBUG_INFO = NO;
				MTL_FAST_MATH = YES;
				SDKROOT = iphoneos;
				SWIFT_COMPILATION_MODE = wholemodule;
				SWIFT_OPTIMIZATION_LEVEL = "-O";
				VALIDATE_PRODUCT = YES;
			};
			name = Release;
		};
		2181D47428EA390000E72DA7 /* Debug */ = {
			isa = XCBuildConfiguration;
			buildSettings = {
				ASSETCATALOG_COMPILER_APPICON_NAME = AppIcon;
				ASSETCATALOG_COMPILER_GLOBAL_ACCENT_COLOR_NAME = AccentColor;
				CODE_SIGN_STYLE = Automatic;
				CURRENT_PROJECT_VERSION = 1;
				DEVELOPMENT_TEAM = Z47THZSTTV;
				GENERATE_INFOPLIST_FILE = YES;
				INFOPLIST_FILE = HackwichFour/Info.plist;
				INFOPLIST_KEY_UIApplicationSupportsIndirectInputEvents = YES;
				INFOPLIST_KEY_UILaunchStoryboardName = LaunchScreen;
				INFOPLIST_KEY_UIMainStoryboardFile = Main;
				INFOPLIST_KEY_UISupportedInterfaceOrientations_iPad = "UIInterfaceOrientationPortrait UIInterfaceOrientationPortraitUpsideDown UIInterfaceOrientationLandscapeLeft UIInterfaceOrientationLandscapeRight";
				INFOPLIST_KEY_UISupportedInterfaceOrientations_iPhone = "UIInterfaceOrientationPortrait UIInterfaceOrientationLandscapeLeft UIInterfaceOrientationLandscapeRight";
				LD_RUNPATH_SEARCH_PATHS = (
					"$(inherited)",
					"@executable_path/Frameworks",
				);
				MARKETING_VERSION = 1.0;
				PRODUCT_BUNDLE_IDENTIFIER = UHWO.HackwichFour;
				PRODUCT_NAME = "$(TARGET_NAME)";
				SWIFT_EMIT_LOC_STRINGS = YES;
				SWIFT_VERSION = 5.0;
				TARGETED_DEVICE_FAMILY = "1,2";
			};
			name = Debug;
		};
		2181D47528EA390000E72DA7 /* Release */ = {
			isa = XCBuildConfiguration;
			buildSettings = {
				ASSETCATALOG_COMPILER_APPICON_NAME = AppIcon;
				ASSETCATALOG_COMPILER_GLOBAL_ACCENT_COLOR_NAME = AccentColor;
				CODE_SIGN_STYLE = Automatic;
				CURRENT_PROJECT_VERSION = 1;
				DEVELOPMENT_TEAM = Z47THZSTTV;
				GENERATE_INFOPLIST_FILE = YES;
				INFOPLIST_FILE = HackwichFour/Info.plist;
				INFOPLIST_KEY_UIApplicationSupportsIndirectInputEvents = YES;
				INFOPLIST_KEY_UILaunchStoryboardName = LaunchScreen;
				INFOPLIST_KEY_UIMainStoryboardFile = Main;
				INFOPLIST_KEY_UISupportedInterfaceOrientations_iPad = "UIInterfaceOrientationPortrait UIInterfaceOrientationPortraitUpsideDown UIInterfaceOrientationLandscapeLeft UIInterfaceOrientationLandscapeRight";
				INFOPLIST_KEY_UISupportedInterfaceOrientations_iPhone = "UIInterfaceOrientationPortrait UIInterfaceOrientationLandscapeLeft UIInterfaceOrientationLandscapeRight";
				LD_RUNPATH_SEARCH_PATHS = (
					"$(inherited)",
					"@executable_path/Frameworks",
				);
				MARKETING_VERSION = 1.0;
				PRODUCT_BUNDLE_IDENTIFIER = UHWO.HackwichFour;
				PRODUCT_NAME = "$(TARGET_NAME)";
				SWIFT_EMIT_LOC_STRINGS = YES;
				SWIFT_VERSION = 5.0;
				TARGETED_DEVICE_FAMILY = "1,2";
			};
			name = Release;
		};
		2181D47728EA390000E72DA7 /* Debug */ = {
			isa = XCBuildConfiguration;
			buildSettings = {
				ALWAYS_EMBED_SWIFT_STANDARD_LIBRARIES = YES;
				BUNDLE_LOADER = "$(TEST_HOST)";
				CODE_SIGN_STYLE = Automatic;
				CURRENT_PROJECT_VERSION = 1;
				DEVELOPMENT_TEAM = Z47THZSTTV;
				GENERATE_INFOPLIST_FILE = YES;
				IPHONEOS_DEPLOYMENT_TARGET = 15.5;
				MARKETING_VERSION = 1.0;
				PRODUCT_BUNDLE_IDENTIFIER = UHWO.HackwichFourTests;
				PRODUCT_NAME = "$(TARGET_NAME)";
				SWIFT_EMIT_LOC_STRINGS = NO;
				SWIFT_VERSION = 5.0;
				TARGETED_DEVICE_FAMILY = "1,2";
				TEST_HOST = "$(BUILT_PRODUCTS_DIR)/HackwichFour.app/HackwichFour";
			};
			name = Debug;
		};
		2181D47828EA390000E72DA7 /* Release */ = {
			isa = XCBuildConfiguration;
			buildSettings = {
				ALWAYS_EMBED_SWIFT_STANDARD_LIBRARIES = YES;
				BUNDLE_LOADER = "$(TEST_HOST)";
				CODE_SIGN_STYLE = Automatic;
				CURRENT_PROJECT_VERSION = 1;
				DEVELOPMENT_TEAM = Z47THZSTTV;
				GENERATE_INFOPLIST_FILE = YES;
				IPHONEOS_DEPLOYMENT_TARGET = 15.5;
				MARKETING_VERSION = 1.0;
				PRODUCT_BUNDLE_IDENTIFIER = UHWO.HackwichFourTests;
				PRODUCT_NAME = "$(TARGET_NAME)";
				SWIFT_EMIT_LOC_STRINGS = NO;
				SWIFT_VERSION = 5.0;
				TARGETED_DEVICE_FAMILY = "1,2";
				TEST_HOST = "$(BUILT_PRODUCTS_DIR)/HackwichFour.app/HackwichFour";
			};
			name = Release;
		};
		2181D47A28EA390000E72DA7 /* Debug */ = {
			isa = XCBuildConfiguration;
			buildSettings = {
				ALWAYS_EMBED_SWIFT_STANDARD_LIBRARIES = YES;
				CODE_SIGN_STYLE = Automatic;
				CURRENT_PROJECT_VERSION = 1;
				DEVELOPMENT_TEAM = Z47THZSTTV;
				GENERATE_INFOPLIST_FILE = YES;
				MARKETING_VERSION = 1.0;
				PRODUCT_BUNDLE_IDENTIFIER = UHWO.HackwichFourUITests;
				PRODUCT_NAME = "$(TARGET_NAME)";
				SWIFT_EMIT_LOC_STRINGS = NO;
				SWIFT_VERSION = 5.0;
				TARGETED_DEVICE_FAMILY = "1,2";
				TEST_TARGET_NAME = HackwichFour;
			};
			name = Debug;
		};
		2181D47B28EA390000E72DA7 /* Release */ = {
			isa = XCBuildConfiguration;
			buildSettings = {
				ALWAYS_EMBED_SWIFT_STANDARD_LIBRARIES = YES;
				CODE_SIGN_STYLE = Automatic;
				CURRENT_PROJECT_VERSION = 1;
				DEVELOPMENT_TEAM = Z47THZSTTV;
				GENERATE_INFOPLIST_FILE = YES;
				MARKETING_VERSION = 1.0;
				PRODUCT_BUNDLE_IDENTIFIER = UHWO.HackwichFourUITests;
				PRODUCT_NAME = "$(TARGET_NAME)";
				SWIFT_EMIT_LOC_STRINGS = NO;
				SWIFT_VERSION = 5.0;
				TARGETED_DEVICE_FAMILY = "1,2";
				TEST_TARGET_NAME = HackwichFour;
			};
			name = Release;
		};
/* End XCBuildConfiguration section */

/* Begin XCConfigurationList section */
		2181D44428EA38FF00E72DA7 /* Build configuration list for PBXProject "HackwichFour" */ = {
			isa = XCConfigurationList;
			buildConfigurations = (
				2181D47128EA390000E72DA7 /* Debug */,
				2181D47228EA390000E72DA7 /* Release */,
			);
			defaultConfigurationIsVisible = 0;
			defaultConfigurationName = Release;
		};
		2181D47328EA390000E72DA7 /* Build configuration list for PBXNativeTarget "HackwichFour" */ = {
			isa = XCConfigurationList;
			buildConfigurations = (
				2181D47428EA390000E72DA7 /* Debug */,
				2181D47528EA390000E72DA7 /* Release */,
			);
			defaultConfigurationIsVisible = 0;
			defaultConfigurationName = Release;
		};
		2181D47628EA390000E72DA7 /* Build configuration list for PBXNativeTarget "HackwichFourTests" */ = {
			isa = XCConfigurationList;
			buildConfigurations = (
				2181D47728EA390000E72DA7 /* Debug */,
				2181D47828EA390000E72DA7 /* Release */,
			);
			defaultConfigurationIsVisible = 0;
			defaultConfigurationName = Release;
		};
		2181D47928EA390000E72DA7 /* Build configuration list for PBXNativeTarget "HackwichFourUITests" */ = {
			isa = XCConfigurationList;
			buildConfigurations = (
				2181D47A28EA390000E72DA7 /* Debug */,
				2181D47B28EA390000E72DA7 /* Release */,
			);
			defaultConfigurationIsVisible = 0;
			defaultConfigurationName = Release;
		};
/* End XCConfigurationList section */
	};
	rootObject = 2181D44128EA38FF00E72DA7 /* Project object */;
}
